
Microsoft Visual Studio Solution File, Format Version 12.00
# Visual Studio 15
VisualStudioVersion = 15.0.27703.2035
MinimumVisualStudioVersion = 10.0.40219.1
Project("{2150E333-8FDC-42A3-9474-1A3956D46DE8}") = "App", "App", "{17F90441-434C-46C9-8E0E-04E2DBA5F100}"
EndProject
Project("{2150E333-8FDC-42A3-9474-1A3956D46DE8}") = "Tests", "Tests", "{EE879045-9F27-487B-B3AE-563793CDB155}"
EndProject
Project("{9A19103F-16F7-4668-BE54-9A1E7A4F7556}") = "GitReport.CLI", "src\GitReportCL\GitReport.CLI.csproj", "{32D08CC9-9D5B-4B37-B9C1-297A8C58057F}"
EndProject
Project("{9A19103F-16F7-4668-BE54-9A1E7A4F7556}") = "ReportCreator", "src\ReportCreator\ReportCreator.csproj", "{73119E38-A1A0-4363-813F-BD43F86454B9}"
EndProject
Project("{9A19103F-16F7-4668-BE54-9A1E7A4F7556}") = "GitReport.Tests", "tests\GitReport.Tests\GitReport.Tests.csproj", "{B6777F80-9127-4A90-8133-41ECA23020E1}"
EndProject
Global
	GlobalSection(SolutionConfigurationPlatforms) = preSolution
		Debug|Any CPU = Debug|Any CPU
		Release|Any CPU = Release|Any CPU
	EndGlobalSection
	GlobalSection(ProjectConfigurationPlatforms) = postSolution
		{32D08CC9-9D5B-4B37-B9C1-297A8C58057F}.Debug|Any CPU.ActiveCfg = Debug|Any CPU
		{32D08CC9-9D5B-4B37-B9C1-297A8C58057F}.Debug|Any CPU.Build.0 = Debug|Any CPU
		{32D08CC9-9D5B-4B37-B9C1-297A8C58057F}.Release|Any CPU.ActiveCfg = Release|Any CPU
		{32D08CC9-9D5B-4B37-B9C1-297A8C58057F}.Release|Any CPU.Build.0 = Release|Any CPU
		{73119E38-A1A0-4363-813F-BD43F86454B9}.Debug|Any CPU.ActiveCfg = Debug|Any CPU
		{73119E38-A1A0-4363-813F-BD43F86454B9}.Debug|Any CPU.Build.0 = Debug|Any CPU
		{73119E38-A1A0-4363-813F-BD43F86454B9}.Release|Any CPU.ActiveCfg = Release|Any CPU
		{73119E38-A1A0-4363-813F-BD43F86454B9}.Release|Any CPU.Build.0 = Release|Any CPU
		{B6777F80-9127-4A90-8133-41ECA23020E1}.Debug|Any CPU.ActiveCfg = Debug|Any CPU
		{B6777F80-9127-4A90-8133-41ECA23020E1}.Debug|Any CPU.Build.0 = Debug|Any CPU
		{B6777F80-9127-4A90-8133-41ECA23020E1}.Release|Any CPU.ActiveCfg = Release|Any CPU
		{B6777F80-9127-4A90-8133-41ECA23020E1}.Release|Any CPU.Build.0 = Release|Any CPU
	EndGlobalSection
	GlobalSection(SolutionProperties) = preSolution
		HideSolutionNode = FALSE
	EndGlobalSection
	GlobalSection(NestedProjects) = preSolution
		{32D08CC9-9D5B-4B37-B9C1-297A8C58057F} = {17F90441-434C-46C9-8E0E-04E2DBA5F100}
		{73119E38-A1A0-4363-813F-BD43F86454B9} = {17F90441-434C-46C9-8E0E-04E2DBA5F100}
		{B6777F80-9127-4A90-8133-41ECA23020E1} = {EE879045-9F27-487B-B3AE-563793CDB155}
	EndGlobalSection
	GlobalSection(ExtensibilityGlobals) = postSolution
		SolutionGuid = {C6B8EA43-657C-45E8-8320-54E4315F3C36}
	EndGlobalSection
EndGlobal
