
Microsoft Visual Studio Solution File, Format Version 12.00
# Visual Studio 15
VisualStudioVersion = 15.0.27703.2035
MinimumVisualStudioVersion = 10.0.40219.1
Project("{9A19103F-16F7-4668-BE54-9A1E7A4F7556}") = "GitReport.Tests", "GitReport.Tests.csproj", "{61F94FEA-521B-4B1A-933E-ADF027FDC1D8}"
EndProject
Project("{9A19103F-16F7-4668-BE54-9A1E7A4F7556}") = "GitReport.CLI", "..\..\src\GitReportCL\GitReport.CLI.csproj", "{5763A825-156F-4176-9BFD-05E9D52CB274}"
EndProject
Global
	GlobalSection(SolutionConfigurationPlatforms) = preSolution
		Debug|Any CPU = Debug|Any CPU
		Release|Any CPU = Release|Any CPU
	EndGlobalSection
	GlobalSection(ProjectConfigurationPlatforms) = postSolution
		{61F94FEA-521B-4B1A-933E-ADF027FDC1D8}.Debug|Any CPU.ActiveCfg = Debug|Any CPU
		{61F94FEA-521B-4B1A-933E-ADF027FDC1D8}.Debug|Any CPU.Build.0 = Debug|Any CPU
		{61F94FEA-521B-4B1A-933E-ADF027FDC1D8}.Release|Any CPU.ActiveCfg = Release|Any CPU
		{61F94FEA-521B-4B1A-933E-ADF027FDC1D8}.Release|Any CPU.Build.0 = Release|Any CPU
		{5763A825-156F-4176-9BFD-05E9D52CB274}.Debug|Any CPU.ActiveCfg = Debug|Any CPU
		{5763A825-156F-4176-9BFD-05E9D52CB274}.Debug|Any CPU.Build.0 = Debug|Any CPU
		{5763A825-156F-4176-9BFD-05E9D52CB274}.Release|Any CPU.ActiveCfg = Release|Any CPU
		{5763A825-156F-4176-9BFD-05E9D52CB274}.Release|Any CPU.Build.0 = Release|Any CPU
	EndGlobalSection
	GlobalSection(SolutionProperties) = preSolution
		HideSolutionNode = FALSE
	EndGlobalSection
	GlobalSection(ExtensibilityGlobals) = postSolution
		SolutionGuid = {30E454D5-ACBA-4E50-B944-BDE4439A8550}
	EndGlobalSection
EndGlobal
